// !$*UTF8*$!
{
	archiveVersion = 1;
	classes = {
	};
	objectVersion = 46;
	objects = {

/* Begin PBXBuildFile section */
		492233AD1CC6FD2700A548D0 /* AppDelegate.swift in Sources */ = {isa = PBXBuildFile; fileRef = 492233AC1CC6FD2700A548D0 /* AppDelegate.swift */; };
		492233AF1CC6FD2700A548D0 /* ViewController.swift in Sources */ = {isa = PBXBuildFile; fileRef = 492233AE1CC6FD2700A548D0 /* ViewController.swift */; };
		492233B21CC6FD2700A548D0 /* Main.storyboard in Resources */ = {isa = PBXBuildFile; fileRef = 492233B01CC6FD2700A548D0 /* Main.storyboard */; };
		492233B41CC6FD2700A548D0 /* Assets.xcassets in Resources */ = {isa = PBXBuildFile; fileRef = 492233B31CC6FD2700A548D0 /* Assets.xcassets */; };
		492233B71CC6FD2700A548D0 /* LaunchScreen.storyboard in Resources */ = {isa = PBXBuildFile; fileRef = 492233B51CC6FD2700A548D0 /* LaunchScreen.storyboard */; };
		492233BF1CC6FEC400A548D0 /* Character.swift in Sources */ = {isa = PBXBuildFile; fileRef = 492233BE1CC6FEC400A548D0 /* Character.swift */; };
		492233C11CC756C800A548D0 /* Player.swift in Sources */ = {isa = PBXBuildFile; fileRef = 492233C01CC756C800A548D0 /* Player.swift */; };
		492233C31CC75CE300A548D0 /* Enemy.swift in Sources */ = {isa = PBXBuildFile; fileRef = 492233C21CC75CE300A548D0 /* Enemy.swift */; };
/* End PBXBuildFile section */

/* Begin PBXFileReference section */
		492233A91CC6FD2700A548D0 /* rpgoop.app */ = {isa = PBXFileReference; explicitFileType = wrapper.application; includeInIndex = 0; path = rpgoop.app; sourceTree = BUILT_PRODUCTS_DIR; };
		492233AC1CC6FD2700A548D0 /* AppDelegate.swift */ = {isa = PBXFileReference; lastKnownFileType = sourcecode.swift; path = AppDelegate.swift; sourceTree = "<group>"; };
		492233AE1CC6FD2700A548D0 /* ViewController.swift */ = {isa = PBXFileReference; lastKnownFileType = sourcecode.swift; path = ViewController.swift; sourceTree = "<group>"; };
		492233B11CC6FD2700A548D0 /* Base */ = {isa = PBXFileReference; lastKnownFileType = file.storyboard; name = Base; path = Base.lproj/Main.storyboard; sourceTree = "<group>"; };
		492233B31CC6FD2700A548D0 /* Assets.xcassets */ = {isa = PBXFileReference; lastKnownFileType = folder.assetcatalog; path = Assets.xcassets; sourceTree = "<group>"; };
		492233B61CC6FD2700A548D0 /* Base */ = {isa = PBXFileReference; lastKnownFileType = file.storyboard; name = Base; path = Base.lproj/LaunchScreen.storyboard; sourceTree = "<group>"; };
		492233B81CC6FD2700A548D0 /* Info.plist */ = {isa = PBXFileReference; lastKnownFileType = text.plist.xml; path = Info.plist; sourceTree = "<group>"; };
		492233BE1CC6FEC400A548D0 /* Character.swift */ = {isa = PBXFileReference; fileEncoding = 4; lastKnownFileType = sourcecode.swift; path = Character.swift; sourceTree = "<group>"; };
		492233C01CC756C800A548D0 /* Player.swift */ = {isa = PBXFileReference; fileEncoding = 4; lastKnownFileType = sourcecode.swift; path = Player.swift; sourceTree = "<group>"; };
		492233C21CC75CE300A548D0 /* Enemy.swift */ = {isa = PBXFileReference; fileEncoding = 4; lastKnownFileType = sourcecode.swift; path = Enemy.swift; sourceTree = "<group>"; };
/* End PBXFileReference section */

/* Begin PBXFrameworksBuildPhase section */
		492233A61CC6FD2700A548D0 /* Frameworks */ = {
			isa = PBXFrameworksBuildPhase;
			buildActionMask = 2147483647;
			files = (
			);
			runOnlyForDeploymentPostprocessing = 0;
		};
/* End PBXFrameworksBuildPhase section */

/* Begin PBXGroup section */
		492233A01CC6FD2700A548D0 = {
			isa = PBXGroup;
			children = (
				492233AB1CC6FD2700A548D0 /* rpgoop */,
				492233AA1CC6FD2700A548D0 /* Products */,
			);
			sourceTree = "<group>";
		};
		492233AA1CC6FD2700A548D0 /* Products */ = {
			isa = PBXGroup;
			children = (
				492233A91CC6FD2700A548D0 /* rpgoop.app */,
			);
			name = Products;
			sourceTree = "<group>";
		};
		492233AB1CC6FD2700A548D0 /* rpgoop */ = {
			isa = PBXGroup;
			children = (
				492233AC1CC6FD2700A548D0 /* AppDelegate.swift */,
				492233AE1CC6FD2700A548D0 /* ViewController.swift */,
				492233B01CC6FD2700A548D0 /* Main.storyboard */,
				492233B31CC6FD2700A548D0 /* Assets.xcassets */,
				492233B51CC6FD2700A548D0 /* LaunchScreen.storyboard */,
				492233B81CC6FD2700A548D0 /* Info.plist */,
				492233BE1CC6FEC400A548D0 /* Character.swift */,
				492233C01CC756C800A548D0 /* Player.swift */,
				492233C21CC75CE300A548D0 /* Enemy.swift */,
			);
			path = rpgoop;
			sourceTree = "<group>";
		};
/* End PBXGroup section */

/* Begin PBXNativeTarget section */
		492233A81CC6FD2700A548D0 /* rpgoop */ = {
			isa = PBXNativeTarget;
			buildConfigurationList = 492233BB1CC6FD2700A548D0 /* Build configuration list for PBXNativeTarget "rpgoop" */;
			buildPhases = (
				492233A51CC6FD2700A548D0 /* Sources */,
				492233A61CC6FD2700A548D0 /* Frameworks */,
				492233A71CC6FD2700A548D0 /* Resources */,
			);
			buildRules = (
			);
			dependencies = (
			);
			name = rpgoop;
			productName = rpgoop;
			productReference = 492233A91CC6FD2700A548D0 /* rpgoop.app */;
			productType = "com.apple.product-type.application";
		};
/* End PBXNativeTarget section */

/* Begin PBXProject section */
		492233A11CC6FD2700A548D0 /* Project object */ = {
			isa = PBXProject;
			attributes = {
				LastSwiftUpdateCheck = 0730;
				LastUpgradeCheck = 0730;
				ORGANIZATIONNAME = "Nikhil Pagidala";
				TargetAttributes = {
					492233A81CC6FD2700A548D0 = {
						CreatedOnToolsVersion = 7.3;
					};
				};
			};
			buildConfigurationList = 492233A41CC6FD2700A548D0 /* Build configuration list for PBXProject "rpgoop" */;
			compatibilityVersion = "Xcode 3.2";
			developmentRegion = English;
			hasScannedForEncodings = 0;
			knownRegions = (
				en,
				Base,
			);
			mainGroup = 492233A01CC6FD2700A548D0;
			productRefGroup = 492233AA1CC6FD2700A548D0 /* Products */;
			projectDirPath = "";
			projectRoot = "";
			targets = (
				492233A81CC6FD2700A548D0 /* rpgoop */,
			);
		};
/* End PBXProject section */

/* Begin PBXResourcesBuildPhase section */
		492233A71CC6FD2700A548D0 /* Resources */ = {
			isa = PBXResourcesBuildPhase;
			buildActionMask = 2147483647;
			files = (
				492233B71CC6FD2700A548D0 /* LaunchScreen.storyboard in Resources */,
				492233B41CC6FD2700A548D0 /* Assets.xcassets in Resources */,
				492233B21CC6FD2700A548D0 /* Main.storyboard in Resources */,
			);
			runOnlyForDeploymentPostprocessing = 0;
		};
/* End PBXResourcesBuildPhase section */

/* Begin PBXSourcesBuildPhase section */
		492233A51CC6FD2700A548D0 /* Sources */ = {
			isa = PBXSourcesBuildPhase;
			buildActionMask = 2147483647;
			files = (
				492233C11CC756C800A548D0 /* Player.swift in Sources */,
				492233C31CC75CE300A548D0 /* Enemy.swift in Sources */,
				492233BF1CC6FEC400A548D0 /* Character.swift in Sources */,
				492233AF1CC6FD2700A548D0 /* ViewController.swift in Sources */,
				492233AD1CC6FD2700A548D0 /* AppDelegate.swift in Sources */,
			);
			runOnlyForDeploymentPostprocessing = 0;
		};
/* End PBXSourcesBuildPhase section */

/* Begin PBXVariantGroup section */
		492233B01CC6FD2700A548D0 /* Main.storyboard */ = {
			isa = PBXVariantGroup;
			children = (
				492233B11CC6FD2700A548D0 /* Base */,
			);
			name = Main.storyboard;
			sourceTree = "<group>";
		};
		492233B51CC6FD2700A548D0 /* LaunchScreen.storyboard */ = {
			isa = PBXVariantGroup;
			children = (
				492233B61CC6FD2700A548D0 /* Base */,
			);
			name = LaunchScreen.storyboard;
			sourceTree = "<group>";
		};
/* End PBXVariantGroup section */

/* Begin XCBuildConfiguration section */
		492233B91CC6FD2700A548D0 /* Debug */ = {
			isa = XCBuildConfiguration;
			buildSettings = {
				ALWAYS_SEARCH_USER_PATHS = NO;
				CLANG_ANALYZER_NONNULL = YES;
				CLANG_CXX_LANGUAGE_STANDARD = "gnu++0x";
				CLANG_CXX_LIBRARY = "libc++";
				CLANG_ENABLE_MODULES = YES;
				CLANG_ENABLE_OBJC_ARC = YES;
				CLANG_WARN_BOOL_CONVERSION = YES;
				CLANG_WARN_CONSTANT_CONVERSION = YES;
				CLANG_WARN_DIRECT_OBJC_ISA_USAGE = YES_ERROR;
				CLANG_WARN_EMPTY_BODY = YES;
				CLANG_WARN_ENUM_CONVERSION = YES;
				CLANG_WARN_INT_CONVERSION = YES;
				CLANG_WARN_OBJC_ROOT_CLASS = YES_ERROR;
				CLANG_WARN_UNREACHABLE_CODE = YES;
				CLANG_WARN__DUPLICATE_METHOD_MATCH = YES;
				"CODE_SIGN_IDENTITY[sdk=iphoneos*]" = "iPhone Developer";
				COPY_PHASE_STRIP = NO;
				DEBUG_INFORMATION_FORMAT = dwarf;
				ENABLE_STRICT_OBJC_MSGSEND = YES;
				ENABLE_TESTABILITY = YES;
				GCC_C_LANGUAGE_STANDARD = gnu99;
				GCC_DYNAMIC_NO_PIC = NO;
				GCC_NO_COMMON_BLOCKS = YES;
				GCC_OPTIMIZATION_LEVEL = 0;
				GCC_PREPROCESSOR_DEFINITIONS = (
					"DEBUG=1",
					"$(inherited)",
				);
				GCC_WARN_64_TO_32_BIT_CONVERSION = YES;
				GCC_WARN_ABOUT_RETURN_TYPE = YES_ERROR;
				GCC_WARN_UNDECLARED_SELECTOR = YES;
				GCC_WARN_UNINITIALIZED_AUTOS = YES_AGGRESSIVE;
				GCC_WARN_UNUSED_FUNCTION = YES;
				GCC_WARN_UNUSED_VARIABLE = YES;
				IPHONEOS_DEPLOYMENT_TARGET = 9.3;
				MTL_ENABLE_DEBUG_INFO = YES;
				ONLY_ACTIVE_ARCH = YES;
				SDKROOT = iphoneos;
				SWIFT_OPTIMIZATION_LEVEL = "-Onone";
				TARGETED_DEVICE_FAMILY = "1,2";
			};
			name = Debug;
		};
		492233BA1CC6FD2700A548D0 /* Release */ = {
			isa = XCBuildConfiguration;
			buildSettings = {
				ALWAYS_SEARCH_USER_PATHS = NO;
				CLANG_ANALYZER_NONNULL = YES;
				CLANG_CXX_LANGUAGE_STANDARD = "gnu++0x";
				CLANG_CXX_LIBRARY = "libc++";
				CLANG_ENABLE_MODULES = YES;
				CLANG_ENABLE_OBJC_ARC = YES;
				CLANG_WARN_BOOL_CONVERSION = YES;
				CLANG_WARN_CONSTANT_CONVERSION = YES;
				CLANG_WARN_DIRECT_OBJC_ISA_USAGE = YES_ERROR;
				CLANG_WARN_EMPTY_BODY = YES;
				CLANG_WARN_ENUM_CONVERSION = YES;
				CLANG_WARN_INT_CONVERSION = YES;
				CLANG_WARN_OBJC_ROOT_CLASS = YES_ERROR;
				CLANG_WARN_UNREACHABLE_CODE = YES;
				CLANG_WARN__DUPLICATE_METHOD_MATCH = YES;
				"CODE_SIGN_IDENTITY[sdk=iphoneos*]" = "iPhone Developer";
				COPY_PHASE_STRIP = NO;
				DEBUG_INFORMATION_FORMAT = "dwarf-with-dsym";
				ENABLE_NS_ASSERTIONS = NO;
				ENABLE_STRICT_OBJC_MSGSEND = YES;
				GCC_C_LANGUAGE_STANDARD = gnu99;
				GCC_NO_COMMON_BLOCKS = YES;
				GCC_WARN_64_TO_32_BIT_CONVERSION = YES;
				GCC_WARN_ABOUT_RETURN_TYPE = YES_ERROR;
				GCC_WARN_UNDECLARED_SELECTOR = YES;
				GCC_WARN_UNINITIALIZED_AUTOS = YES_AGGRESSIVE;
				GCC_WARN_UNUSED_FUNCTION = YES;
				GCC_WARN_UNUSED_VARIABLE = YES;
				IPHONEOS_DEPLOYMENT_TARGET = 9.3;
				MTL_ENABLE_DEBUG_INFO = NO;
				SDKROOT = iphoneos;
				TARGETED_DEVICE_FAMILY = "1,2";
				VALIDATE_PRODUCT = YES;
			};
			name = Release;
		};
		492233BC1CC6FD2700A548D0 /* Debug */ = {
			isa = XCBuildConfiguration;
			buildSettings = {
				ASSETCATALOG_COMPILER_APPICON_NAME = AppIcon;
				INFOPLIST_FILE = rpgoop/Info.plist;
				LD_RUNPATH_SEARCH_PATHS = "$(inherited) @executable_path/Frameworks";
				PRODUCT_BUNDLE_IDENTIFIER = com.nikpcali.rpgoop;
				PRODUCT_NAME = "$(TARGET_NAME)";
			};
			name = Debug;
		};
		492233BD1CC6FD2700A548D0 /* Release */ = {
			isa = XCBuildConfiguration;
			buildSettings = {
				ASSETCATALOG_COMPILER_APPICON_NAME = AppIcon;
				INFOPLIST_FILE = rpgoop/Info.plist;
				LD_RUNPATH_SEARCH_PATHS = "$(inherited) @executable_path/Frameworks";
				PRODUCT_BUNDLE_IDENTIFIER = com.nikpcali.rpgoop;
				PRODUCT_NAME = "$(TARGET_NAME)";
			};
			name = Release;
		};
/* End XCBuildConfiguration section */

/* Begin XCConfigurationList section */
		492233A41CC6FD2700A548D0 /* Build configuration list for PBXProject "rpgoop" */ = {
			isa = XCConfigurationList;
			buildConfigurations = (
				492233B91CC6FD2700A548D0 /* Debug */,
				492233BA1CC6FD2700A548D0 /* Release */,
			);
			defaultConfigurationIsVisible = 0;
			defaultConfigurationName = Release;
		};
		492233BB1CC6FD2700A548D0 /* Build configuration list for PBXNativeTarget "rpgoop" */ = {
			isa = XCConfigurationList;
			buildConfigurations = (
				492233BC1CC6FD2700A548D0 /* Debug */,
				492233BD1CC6FD2700A548D0 /* Release */,
			);
			defaultConfigurationIsVisible = 0;
			defaultConfigurationName = Release;
		};
/* End XCConfigurationList section */
	};
	rootObject = 492233A11CC6FD2700A548D0 /* Project object */;
}
